{
  "name": "auto-proxy-mic-test",
  "version": "1.0.0",
  "lockfileVersion": 2,
  "requires": true,
  "packages": {
    "": {
      "name": "auto-proxy-mic-test",
      "version": "1.0.0",
      "license": "ISC",
      "dependencies": {
        "node-record-lpcm16": "^0.3.1",
        "ws": "^8.18.3"
      }
    },
    "node_modules/node-record-lpcm16": {
      "version": "0.3.1",
      "resolved": "https://registry.npmjs.org/node-record-lpcm16/-/node-record-lpcm16-0.3.1.tgz",
      "integrity": "sha512-Mmsu7//hdbMEsaoWDqoC/chJIZHtYXzYq6GRMfIMA0mu+fc5bIh9eEMi4fHLYbQB3M4orbbf7cM4crvHTeqlfg=="
    },
    "node_modules/ws": {
      "version": "8.18.3",
      "resolved": "https://registry.npmjs.org/ws/-/ws-8.18.3.tgz",
      "integrity": "sha512-PEIGCY5tSlUt50cqyMXfCzX+oOPqN0vuGqWzbcJ2xvnkzkq46oOpz7dQaTDBdfICb4N14+GARUDw2XV2N4tvzg==",
      "engines": {
        "node": ">=10.0.0"
      },
      "peerDependencies": {
        "bufferutil": "^4.0.1",
        "utf-8-validate": ">=5.0.2"
      },
      "peerDependenciesMeta": {
        "bufferutil": {
          "optional": true
        },
        "utf-8-validate": {
          "optional": true
        }
      }
    }
  },
  "dependencies": {
    "node-record-lpcm16": {
      "version": "0.3.1",
      "resolved": "https://registry.npmjs.org/node-record-lpcm16/-/node-record-lpcm16-0.3.1.tgz",
      "integrity": "sha512-Mmsu7//hdbMEsaoWDqoC/chJIZHtYXzYq6GRMfIMA0mu+fc5bIh9eEMi4fHLYbQB3M4orbbf7cM4crvHTeqlfg=="
    },
    "ws": {
      "version": "8.18.3",
      "resolved": "https://registry.npmjs.org/ws/-/ws-8.18.3.tgz",
      "integrity": "sha512-PEIGCY5tSlUt50cqyMXfCzX+oOPqN0vuGqWzbcJ2xvnkzkq46oOpz7dQaTDBdfICb4N14+GARUDw2XV2N4tvzg==",
      "requires": {}
    }
  }
}
